{
  "object": {
    "pins": [
      {
        "package": "AsyncAlgorithms",
        "repositoryURL": "https://github.com/apple/swift-async-algorithms",
        "state": {
          "branch": null,
          "revision": "98d42293179ddd7f8c516eae8bec7b4e014d911a",
          "version": "0.0.1"
        }
      },
      {
        "package": "swift-system",
        "repositoryURL": "https://github.com/apple/swift-system",
        "state": {
          "branch": null,
          "revision": "ce8b4910730114fa1eb46967a031a04f7594f42d",
          "version": "1.0.0"
        }
      }
    ]
  },
  "version": 1
}
